
Microsoft Visual Studio Solution File, Format Version 12.00
# Visual Studio Version 17
VisualStudioVersion = 17.2.32516.85
MinimumVisualStudioVersion = 10.0.40219.1
Project("{FAE04EC0-301F-11D3-BF4B-00C04F79EFBC}") = "Sudoku", "Sudoku\Sudoku.csproj", "{37C8D223-2E32-4CC1-96C1-9E619FBD7663}"
EndProject
Global
	GlobalSection(SolutionConfigurationPlatforms) = preSolution
		Debug|Any CPU = Debug|Any CPU
		Release|Any CPU = Release|Any CPU
	EndGlobalSection
	GlobalSection(ProjectConfigurationPlatforms) = postSolution
		{37C8D223-2E32-4CC1-96C1-9E619FBD7663}.Debug|Any CPU.ActiveCfg = Debug|Any CPU
		{37C8D223-2E32-4CC1-96C1-9E619FBD7663}.Debug|Any CPU.Build.0 = Debug|Any CPU
		{37C8D223-2E32-4CC1-96C1-9E619FBD7663}.Release|Any CPU.ActiveCfg = Release|Any CPU
		{37C8D223-2E32-4CC1-96C1-9E619FBD7663}.Release|Any CPU.Build.0 = Release|Any CPU
	EndGlobalSection
	GlobalSection(SolutionProperties) = preSolution
		HideSolutionNode = FALSE
	EndGlobalSection
	GlobalSection(ExtensibilityGlobals) = postSolution
		SolutionGuid = {66DEBBE7-3CA4-498E-AF11-4A76B1888BF3}
	EndGlobalSection
EndGlobal
